// !$*UTF8*$!
{
	archiveVersion = 1;
	classes = {
	};
	objectVersion = 55;
	objects = {

/* Begin PBXBuildFile section */
		C300F465282C8478000E8624 /* AppDelegate.swift in Sources */ = {isa = PBXBuildFile; fileRef = C300F464282C8478000E8624 /* AppDelegate.swift */; };
		C300F467282C8478000E8624 /* SceneDelegate.swift in Sources */ = {isa = PBXBuildFile; fileRef = C300F466282C8478000E8624 /* SceneDelegate.swift */; };
		C300F469282C8478000E8624 /* MainViewController.swift in Sources */ = {isa = PBXBuildFile; fileRef = C300F468282C8478000E8624 /* MainViewController.swift */; };
		C300F46E282C847A000E8624 /* Assets.xcassets in Resources */ = {isa = PBXBuildFile; fileRef = C300F46D282C847A000E8624 /* Assets.xcassets */; };
		C300F471282C847A000E8624 /* LaunchScreen.storyboard in Resources */ = {isa = PBXBuildFile; fileRef = C300F46F282C847A000E8624 /* LaunchScreen.storyboard */; };
		C300F479282C8B86000E8624 /* NavigationController.swift in Sources */ = {isa = PBXBuildFile; fileRef = C300F478282C8B86000E8624 /* NavigationController.swift */; };
		C300F47D282C8E97000E8624 /* Then.swift in Sources */ = {isa = PBXBuildFile; fileRef = C300F47C282C8E97000E8624 /* Then.swift */; };
		C300F481282CD08A000E8624 /* UIDevice+.swift in Sources */ = {isa = PBXBuildFile; fileRef = C300F480282CD08A000E8624 /* UIDevice+.swift */; };
		C300F483282CD0C8000E8624 /* UIApplication+.swift in Sources */ = {isa = PBXBuildFile; fileRef = C300F482282CD0C8000E8624 /* UIApplication+.swift */; };
		C300F485282CD109000E8624 /* UIWindow+.swift in Sources */ = {isa = PBXBuildFile; fileRef = C300F484282CD109000E8624 /* UIWindow+.swift */; };
		C300F487282CD7E8000E8624 /* SearchResultViewController.swift in Sources */ = {isa = PBXBuildFile; fileRef = C300F486282CD7E8000E8624 /* SearchResultViewController.swift */; };
		C300F489282CED31000E8624 /* UIView+.swift in Sources */ = {isa = PBXBuildFile; fileRef = C300F488282CED31000E8624 /* UIView+.swift */; };
/* End PBXBuildFile section */

/* Begin PBXFileReference section */
		C300F461282C8478000E8624 /* VanillaMovie.app */ = {isa = PBXFileReference; explicitFileType = wrapper.application; includeInIndex = 0; path = VanillaMovie.app; sourceTree = BUILT_PRODUCTS_DIR; };
		C300F464282C8478000E8624 /* AppDelegate.swift */ = {isa = PBXFileReference; lastKnownFileType = sourcecode.swift; path = AppDelegate.swift; sourceTree = "<group>"; };
		C300F466282C8478000E8624 /* SceneDelegate.swift */ = {isa = PBXFileReference; lastKnownFileType = sourcecode.swift; path = SceneDelegate.swift; sourceTree = "<group>"; };
		C300F468282C8478000E8624 /* MainViewController.swift */ = {isa = PBXFileReference; lastKnownFileType = sourcecode.swift; path = MainViewController.swift; sourceTree = "<group>"; };
		C300F46D282C847A000E8624 /* Assets.xcassets */ = {isa = PBXFileReference; lastKnownFileType = folder.assetcatalog; path = Assets.xcassets; sourceTree = "<group>"; };
		C300F470282C847A000E8624 /* Base */ = {isa = PBXFileReference; lastKnownFileType = file.storyboard; name = Base; path = Base.lproj/LaunchScreen.storyboard; sourceTree = "<group>"; };
		C300F472282C847A000E8624 /* Info.plist */ = {isa = PBXFileReference; lastKnownFileType = text.plist.xml; path = Info.plist; sourceTree = "<group>"; };
		C300F478282C8B86000E8624 /* NavigationController.swift */ = {isa = PBXFileReference; lastKnownFileType = sourcecode.swift; path = NavigationController.swift; sourceTree = "<group>"; };
		C300F47C282C8E97000E8624 /* Then.swift */ = {isa = PBXFileReference; lastKnownFileType = sourcecode.swift; path = Then.swift; sourceTree = "<group>"; };
		C300F480282CD08A000E8624 /* UIDevice+.swift */ = {isa = PBXFileReference; lastKnownFileType = sourcecode.swift; path = "UIDevice+.swift"; sourceTree = "<group>"; };
		C300F482282CD0C8000E8624 /* UIApplication+.swift */ = {isa = PBXFileReference; lastKnownFileType = sourcecode.swift; path = "UIApplication+.swift"; sourceTree = "<group>"; };
		C300F484282CD109000E8624 /* UIWindow+.swift */ = {isa = PBXFileReference; lastKnownFileType = sourcecode.swift; path = "UIWindow+.swift"; sourceTree = "<group>"; };
		C300F486282CD7E8000E8624 /* SearchResultViewController.swift */ = {isa = PBXFileReference; lastKnownFileType = sourcecode.swift; path = SearchResultViewController.swift; sourceTree = "<group>"; };
		C300F488282CED31000E8624 /* UIView+.swift */ = {isa = PBXFileReference; lastKnownFileType = sourcecode.swift; path = "UIView+.swift"; sourceTree = "<group>"; };
/* End PBXFileReference section */

/* Begin PBXFrameworksBuildPhase section */
		C300F45E282C8478000E8624 /* Frameworks */ = {
			isa = PBXFrameworksBuildPhase;
			buildActionMask = 2147483647;
			files = (
			);
			runOnlyForDeploymentPostprocessing = 0;
		};
/* End PBXFrameworksBuildPhase section */

/* Begin PBXGroup section */
		C300F458282C8478000E8624 = {
			isa = PBXGroup;
			children = (
				C300F463282C8478000E8624 /* VanillaMovie */,
				C300F47A282C8B95000E8624 /* Supporting Files */,
				C300F462282C8478000E8624 /* Products */,
			);
			sourceTree = "<group>";
		};
		C300F462282C8478000E8624 /* Products */ = {
			isa = PBXGroup;
			children = (
				C300F461282C8478000E8624 /* VanillaMovie.app */,
			);
			name = Products;
			sourceTree = "<group>";
		};
		C300F463282C8478000E8624 /* VanillaMovie */ = {
			isa = PBXGroup;
			children = (
				C31E87B2282D069F002D23AC /* ViewController */,
				C300F47B282C8E8C000E8624 /* Foundation */,
			);
			path = VanillaMovie;
			sourceTree = "<group>";
		};
		C300F47A282C8B95000E8624 /* Supporting Files */ = {
			isa = PBXGroup;
			children = (
				C300F464282C8478000E8624 /* AppDelegate.swift */,
				C300F466282C8478000E8624 /* SceneDelegate.swift */,
				C300F46D282C847A000E8624 /* Assets.xcassets */,
				C300F46F282C847A000E8624 /* LaunchScreen.storyboard */,
				C300F472282C847A000E8624 /* Info.plist */,
			);
			path = "Supporting Files";
			sourceTree = "<group>";
		};
		C300F47B282C8E8C000E8624 /* Foundation */ = {
			isa = PBXGroup;
			children = (
				C300F47C282C8E97000E8624 /* Then.swift */,
				C300F480282CD08A000E8624 /* UIDevice+.swift */,
				C300F482282CD0C8000E8624 /* UIApplication+.swift */,
				C300F484282CD109000E8624 /* UIWindow+.swift */,
				C300F488282CED31000E8624 /* UIView+.swift */,
			);
			path = Foundation;
			sourceTree = "<group>";
		};
		C31E87B2282D069F002D23AC /* ViewController */ = {
			isa = PBXGroup;
			children = (
				C300F468282C8478000E8624 /* MainViewController.swift */,
				C300F478282C8B86000E8624 /* NavigationController.swift */,
				C300F486282CD7E8000E8624 /* SearchResultViewController.swift */,
			);
			path = ViewController;
			sourceTree = "<group>";
		};
/* End PBXGroup section */

/* Begin PBXNativeTarget section */
		C300F460282C8478000E8624 /* VanillaMovie */ = {
			isa = PBXNativeTarget;
			buildConfigurationList = C300F475282C847A000E8624 /* Build configuration list for PBXNativeTarget "VanillaMovie" */;
			buildPhases = (
				C300F45D282C8478000E8624 /* Sources */,
				C300F45E282C8478000E8624 /* Frameworks */,
				C300F45F282C8478000E8624 /* Resources */,
			);
			buildRules = (
			);
			dependencies = (
			);
			name = VanillaMovie;
			productName = SimpleMovie;
			productReference = C300F461282C8478000E8624 /* VanillaMovie.app */;
			productType = "com.apple.product-type.application";
		};
/* End PBXNativeTarget section */

/* Begin PBXProject section */
		C300F459282C8478000E8624 /* Project object */ = {
			isa = PBXProject;
			attributes = {
				BuildIndependentTargetsInParallel = 1;
				LastSwiftUpdateCheck = 1320;
				LastUpgradeCheck = 1320;
				TargetAttributes = {
					C300F460282C8478000E8624 = {
						CreatedOnToolsVersion = 13.2.1;
					};
				};
			};
			buildConfigurationList = C300F45C282C8478000E8624 /* Build configuration list for PBXProject "VanillaMovie" */;
			compatibilityVersion = "Xcode 13.0";
			developmentRegion = en;
			hasScannedForEncodings = 0;
			knownRegions = (
				en,
				Base,
			);
			mainGroup = C300F458282C8478000E8624;
			productRefGroup = C300F462282C8478000E8624 /* Products */;
			projectDirPath = "";
			projectRoot = "";
			targets = (
				C300F460282C8478000E8624 /* VanillaMovie */,
			);
		};
/* End PBXProject section */

/* Begin PBXResourcesBuildPhase section */
		C300F45F282C8478000E8624 /* Resources */ = {
			isa = PBXResourcesBuildPhase;
			buildActionMask = 2147483647;
			files = (
				C300F471282C847A000E8624 /* LaunchScreen.storyboard in Resources */,
				C300F46E282C847A000E8624 /* Assets.xcassets in Resources */,
			);
			runOnlyForDeploymentPostprocessing = 0;
		};
/* End PBXResourcesBuildPhase section */

/* Begin PBXSourcesBuildPhase section */
		C300F45D282C8478000E8624 /* Sources */ = {
			isa = PBXSourcesBuildPhase;
			buildActionMask = 2147483647;
			files = (
				C300F469282C8478000E8624 /* MainViewController.swift in Sources */,
				C300F487282CD7E8000E8624 /* SearchResultViewController.swift in Sources */,
				C300F483282CD0C8000E8624 /* UIApplication+.swift in Sources */,
				C300F481282CD08A000E8624 /* UIDevice+.swift in Sources */,
				C300F489282CED31000E8624 /* UIView+.swift in Sources */,
				C300F485282CD109000E8624 /* UIWindow+.swift in Sources */,
				C300F479282C8B86000E8624 /* NavigationController.swift in Sources */,
				C300F465282C8478000E8624 /* AppDelegate.swift in Sources */,
				C300F47D282C8E97000E8624 /* Then.swift in Sources */,
				C300F467282C8478000E8624 /* SceneDelegate.swift in Sources */,
			);
			runOnlyForDeploymentPostprocessing = 0;
		};
/* End PBXSourcesBuildPhase section */

/* Begin PBXVariantGroup section */
		C300F46F282C847A000E8624 /* LaunchScreen.storyboard */ = {
			isa = PBXVariantGroup;
			children = (
				C300F470282C847A000E8624 /* Base */,
			);
			name = LaunchScreen.storyboard;
			sourceTree = "<group>";
		};
/* End PBXVariantGroup section */

/* Begin XCBuildConfiguration section */
		C300F473282C847A000E8624 /* Debug */ = {
			isa = XCBuildConfiguration;
			buildSettings = {
				ALWAYS_SEARCH_USER_PATHS = NO;
				CLANG_ANALYZER_NONNULL = YES;
				CLANG_ANALYZER_NUMBER_OBJECT_CONVERSION = YES_AGGRESSIVE;
				CLANG_CXX_LANGUAGE_STANDARD = "gnu++17";
				CLANG_CXX_LIBRARY = "libc++";
				CLANG_ENABLE_MODULES = YES;
				CLANG_ENABLE_OBJC_ARC = YES;
				CLANG_ENABLE_OBJC_WEAK = YES;
				CLANG_WARN_BLOCK_CAPTURE_AUTORELEASING = YES;
				CLANG_WARN_BOOL_CONVERSION = YES;
				CLANG_WARN_COMMA = YES;
				CLANG_WARN_CONSTANT_CONVERSION = YES;
				CLANG_WARN_DEPRECATED_OBJC_IMPLEMENTATIONS = YES;
				CLANG_WARN_DIRECT_OBJC_ISA_USAGE = YES_ERROR;
				CLANG_WARN_DOCUMENTATION_COMMENTS = YES;
				CLANG_WARN_EMPTY_BODY = YES;
				CLANG_WARN_ENUM_CONVERSION = YES;
				CLANG_WARN_INFINITE_RECURSION = YES;
				CLANG_WARN_INT_CONVERSION = YES;
				CLANG_WARN_NON_LITERAL_NULL_CONVERSION = YES;
				CLANG_WARN_OBJC_IMPLICIT_RETAIN_SELF = YES;
				CLANG_WARN_OBJC_LITERAL_CONVERSION = YES;
				CLANG_WARN_OBJC_ROOT_CLASS = YES_ERROR;
				CLANG_WARN_QUOTED_INCLUDE_IN_FRAMEWORK_HEADER = YES;
				CLANG_WARN_RANGE_LOOP_ANALYSIS = YES;
				CLANG_WARN_STRICT_PROTOTYPES = YES;
				CLANG_WARN_SUSPICIOUS_MOVE = YES;
				CLANG_WARN_UNGUARDED_AVAILABILITY = YES_AGGRESSIVE;
				CLANG_WARN_UNREACHABLE_CODE = YES;
				CLANG_WARN__DUPLICATE_METHOD_MATCH = YES;
				COPY_PHASE_STRIP = NO;
				DEBUG_INFORMATION_FORMAT = dwarf;
				ENABLE_STRICT_OBJC_MSGSEND = YES;
				ENABLE_TESTABILITY = YES;
				GCC_C_LANGUAGE_STANDARD = gnu11;
				GCC_DYNAMIC_NO_PIC = NO;
				GCC_NO_COMMON_BLOCKS = YES;
				GCC_OPTIMIZATION_LEVEL = 0;
				GCC_PREPROCESSOR_DEFINITIONS = (
					"DEBUG=1",
					"$(inherited)",
				);
				GCC_WARN_64_TO_32_BIT_CONVERSION = YES;
				GCC_WARN_ABOUT_RETURN_TYPE = YES_ERROR;
				GCC_WARN_UNDECLARED_SELECTOR = YES;
				GCC_WARN_UNINITIALIZED_AUTOS = YES_AGGRESSIVE;
				GCC_WARN_UNUSED_FUNCTION = YES;
				GCC_WARN_UNUSED_VARIABLE = YES;
				IPHONEOS_DEPLOYMENT_TARGET = 15.0;
				MTL_ENABLE_DEBUG_INFO = INCLUDE_SOURCE;
				MTL_FAST_MATH = YES;
				ONLY_ACTIVE_ARCH = YES;
				SDKROOT = iphoneos;
				SWIFT_ACTIVE_COMPILATION_CONDITIONS = DEBUG;
				SWIFT_OPTIMIZATION_LEVEL = "-Onone";
			};
			name = Debug;
		};
		C300F474282C847A000E8624 /* Release */ = {
			isa = XCBuildConfiguration;
			buildSettings = {
				ALWAYS_SEARCH_USER_PATHS = NO;
				CLANG_ANALYZER_NONNULL = YES;
				CLANG_ANALYZER_NUMBER_OBJECT_CONVERSION = YES_AGGRESSIVE;
				CLANG_CXX_LANGUAGE_STANDARD = "gnu++17";
				CLANG_CXX_LIBRARY = "libc++";
				CLANG_ENABLE_MODULES = YES;
				CLANG_ENABLE_OBJC_ARC = YES;
				CLANG_ENABLE_OBJC_WEAK = YES;
				CLANG_WARN_BLOCK_CAPTURE_AUTORELEASING = YES;
				CLANG_WARN_BOOL_CONVERSION = YES;
				CLANG_WARN_COMMA = YES;
				CLANG_WARN_CONSTANT_CONVERSION = YES;
				CLANG_WARN_DEPRECATED_OBJC_IMPLEMENTATIONS = YES;
				CLANG_WARN_DIRECT_OBJC_ISA_USAGE = YES_ERROR;
				CLANG_WARN_DOCUMENTATION_COMMENTS = YES;
				CLANG_WARN_EMPTY_BODY = YES;
				CLANG_WARN_ENUM_CONVERSION = YES;
				CLANG_WARN_INFINITE_RECURSION = YES;
				CLANG_WARN_INT_CONVERSION = YES;
				CLANG_WARN_NON_LITERAL_NULL_CONVERSION = YES;
				CLANG_WARN_OBJC_IMPLICIT_RETAIN_SELF = YES;
				CLANG_WARN_OBJC_LITERAL_CONVERSION = YES;
				CLANG_WARN_OBJC_ROOT_CLASS = YES_ERROR;
				CLANG_WARN_QUOTED_INCLUDE_IN_FRAMEWORK_HEADER = YES;
				CLANG_WARN_RANGE_LOOP_ANALYSIS = YES;
				CLANG_WARN_STRICT_PROTOTYPES = YES;
				CLANG_WARN_SUSPICIOUS_MOVE = YES;
				CLANG_WARN_UNGUARDED_AVAILABILITY = YES_AGGRESSIVE;
				CLANG_WARN_UNREACHABLE_CODE = YES;
				CLANG_WARN__DUPLICATE_METHOD_MATCH = YES;
				COPY_PHASE_STRIP = NO;
				DEBUG_INFORMATION_FORMAT = "dwarf-with-dsym";
				ENABLE_NS_ASSERTIONS = NO;
				ENABLE_STRICT_OBJC_MSGSEND = YES;
				GCC_C_LANGUAGE_STANDARD = gnu11;
				GCC_NO_COMMON_BLOCKS = YES;
				GCC_WARN_64_TO_32_BIT_CONVERSION = YES;
				GCC_WARN_ABOUT_RETURN_TYPE = YES_ERROR;
				GCC_WARN_UNDECLARED_SELECTOR = YES;
				GCC_WARN_UNINITIALIZED_AUTOS = YES_AGGRESSIVE;
				GCC_WARN_UNUSED_FUNCTION = YES;
				GCC_WARN_UNUSED_VARIABLE = YES;
				IPHONEOS_DEPLOYMENT_TARGET = 15.0;
				MTL_ENABLE_DEBUG_INFO = NO;
				MTL_FAST_MATH = YES;
				SDKROOT = iphoneos;
				SWIFT_COMPILATION_MODE = wholemodule;
				SWIFT_OPTIMIZATION_LEVEL = "-O";
				VALIDATE_PRODUCT = YES;
			};
			name = Release;
		};
		C300F476282C847A000E8624 /* Debug */ = {
			isa = XCBuildConfiguration;
			buildSettings = {
				ASSETCATALOG_COMPILER_APPICON_NAME = AppIcon;
				ASSETCATALOG_COMPILER_GLOBAL_ACCENT_COLOR_NAME = AccentColor;
				CODE_SIGN_STYLE = Automatic;
				CURRENT_PROJECT_VERSION = 1;
				DEVELOPMENT_TEAM = U7JXGAK6AA;
				GENERATE_INFOPLIST_FILE = YES;
				INFOPLIST_FILE = "$(SRCROOT)/Supporting Files/Info.plist";
				INFOPLIST_KEY_UIApplicationSupportsIndirectInputEvents = YES;
				INFOPLIST_KEY_UILaunchStoryboardName = LaunchScreen;
				INFOPLIST_KEY_UIMainStoryboardFile = Main;
				INFOPLIST_KEY_UISupportedInterfaceOrientations_iPad = "UIInterfaceOrientationPortrait UIInterfaceOrientationPortraitUpsideDown UIInterfaceOrientationLandscapeLeft UIInterfaceOrientationLandscapeRight";
				INFOPLIST_KEY_UISupportedInterfaceOrientations_iPhone = "UIInterfaceOrientationPortrait UIInterfaceOrientationLandscapeLeft UIInterfaceOrientationLandscapeRight";
				LD_RUNPATH_SEARCH_PATHS = (
					"$(inherited)",
					"@executable_path/Frameworks",
				);
				MARKETING_VERSION = 1.0;
				PRODUCT_BUNDLE_IDENTIFIER = com.joohyupkim.SimpleMovie;
				PRODUCT_NAME = "$(TARGET_NAME)";
				SWIFT_EMIT_LOC_STRINGS = YES;
				SWIFT_VERSION = 5.0;
				TARGETED_DEVICE_FAMILY = "1,2";
			};
			name = Debug;
		};
		C300F477282C847A000E8624 /* Release */ = {
			isa = XCBuildConfiguration;
			buildSettings = {
				ASSETCATALOG_COMPILER_APPICON_NAME = AppIcon;
				ASSETCATALOG_COMPILER_GLOBAL_ACCENT_COLOR_NAME = AccentColor;
				CODE_SIGN_STYLE = Automatic;
				CURRENT_PROJECT_VERSION = 1;
				DEVELOPMENT_TEAM = U7JXGAK6AA;
				GENERATE_INFOPLIST_FILE = YES;
				INFOPLIST_FILE = "$(SRCROOT)/Supporting Files/Info.plist";
				INFOPLIST_KEY_UIApplicationSupportsIndirectInputEvents = YES;
				INFOPLIST_KEY_UILaunchStoryboardName = LaunchScreen;
				INFOPLIST_KEY_UIMainStoryboardFile = Main;
				INFOPLIST_KEY_UISupportedInterfaceOrientations_iPad = "UIInterfaceOrientationPortrait UIInterfaceOrientationPortraitUpsideDown UIInterfaceOrientationLandscapeLeft UIInterfaceOrientationLandscapeRight";
				INFOPLIST_KEY_UISupportedInterfaceOrientations_iPhone = "UIInterfaceOrientationPortrait UIInterfaceOrientationLandscapeLeft UIInterfaceOrientationLandscapeRight";
				LD_RUNPATH_SEARCH_PATHS = (
					"$(inherited)",
					"@executable_path/Frameworks",
				);
				MARKETING_VERSION = 1.0;
				PRODUCT_BUNDLE_IDENTIFIER = com.joohyupkim.SimpleMovie;
				PRODUCT_NAME = "$(TARGET_NAME)";
				SWIFT_EMIT_LOC_STRINGS = YES;
				SWIFT_VERSION = 5.0;
				TARGETED_DEVICE_FAMILY = "1,2";
			};
			name = Release;
		};
/* End XCBuildConfiguration section */

/* Begin XCConfigurationList section */
		C300F45C282C8478000E8624 /* Build configuration list for PBXProject "VanillaMovie" */ = {
			isa = XCConfigurationList;
			buildConfigurations = (
				C300F473282C847A000E8624 /* Debug */,
				C300F474282C847A000E8624 /* Release */,
			);
			defaultConfigurationIsVisible = 0;
			defaultConfigurationName = Release;
		};
		C300F475282C847A000E8624 /* Build configuration list for PBXNativeTarget "VanillaMovie" */ = {
			isa = XCConfigurationList;
			buildConfigurations = (
				C300F476282C847A000E8624 /* Debug */,
				C300F477282C847A000E8624 /* Release */,
			);
			defaultConfigurationIsVisible = 0;
			defaultConfigurationName = Release;
		};
/* End XCConfigurationList section */
	};
	rootObject = C300F459282C8478000E8624 /* Project object */;
}
